
Microsoft Visual Studio Solution File, Format Version 12.00
# Visual Studio Version 17
VisualStudioVersion = 17.9.34728.123
MinimumVisualStudioVersion = 10.0.40219.1
Project("{2150E333-8FDC-42A3-9474-1A3956D46DE8}") = "1. Введение", "1. Введение", "{3A5C6777-D167-4DC4-B263-0DE923C5240D}"
	ProjectSection(SolutionItems) = preProject
		Введение.md = Введение.md
		Математические операции.md = Математические операции.md
	EndProjectSection
EndProject
Project("{8BC9CEB8-8B4A-11D0-8D11-00A0C91BC942}") = "Введение", "Введение\Введение.vcxproj", "{8426F15D-3D7A-4CF2-A8E0-99BE3C089DA6}"
EndProject
Project("{2150E333-8FDC-42A3-9474-1A3956D46DE8}") = "Задачи", "Задачи", "{62123552-58E2-49C0-8C41-27D66A932989}"
	ProjectSection(SolutionItems) = preProject
		Задача 10 Площадь треугольника.md = Задача 10 Площадь треугольника.md
		Задача 8 Расстояние между точками.md = Задача 8 Расстояние между точками.md
		Задача 9 Секунды.md = Задача 9 Секунды.md
	EndProjectSection
EndProject
Project("{2150E333-8FDC-42A3-9474-1A3956D46DE8}") = "2. Условные конструкции", "2. Условные конструкции", "{74E42531-42E0-4E8A-9014-87A5BC141EDC}"
	ProjectSection(SolutionItems) = preProject
		Условные конструкции.md = Условные конструкции.md
	EndProjectSection
EndProject
Project("{8BC9CEB8-8B4A-11D0-8D11-00A0C91BC942}") = "Условные_конструкции", "Условные_конструкции\Условные_конструкции.vcxproj", "{0DDF1B0C-E300-4161-8F4E-6544F9EBEE6E}"
EndProject
Project("{2150E333-8FDC-42A3-9474-1A3956D46DE8}") = "Задачи", "Задачи", "{4C8E2EB7-3FCD-41A2-9555-8872A75A03BF}"
	ProjectSection(SolutionItems) = preProject
		Задача 1 Шахматная ладья.md = Задача 1 Шахматная ладья.md
		Задача 6\Задача 12 Грибы.md = Задача 6\Задача 12 Грибы.md
		Задача 2 Шахматный король.md = Задача 2 Шахматный король.md
		Задача 3 Шахматный слон.md = Задача 3 Шахматный слон.md
		Задача 4 Шахматный ферзь.md = Задача 4 Шахматный ферзь.md
		Задача 5 Шахматный конь.md = Задача 5 Шахматный конь.md
		Задача 6 Тип треугольника.md = Задача 6 Тип треугольника.md
	EndProjectSection
EndProject
Project("{8BC9CEB8-8B4A-11D0-8D11-00A0C91BC942}") = "Задача 9", "Задача 9\Задача 9.vcxproj", "{A27998EF-B028-4D01-AB9E-09CCE830043D}"
EndProject
Project("{8BC9CEB8-8B4A-11D0-8D11-00A0C91BC942}") = "Задача 8", "Задача 8\Задача 8.vcxproj", "{EA6CCBC1-DB12-460D-A12D-A69B3ADE2F31}"
EndProject
Project("{8BC9CEB8-8B4A-11D0-8D11-00A0C91BC942}") = "Задача 6", "Задача 6\Задача 6.vcxproj", "{79578177-CC53-4FAD-83F6-63399874CB14}"
EndProject
Project("{8BC9CEB8-8B4A-11D0-8D11-00A0C91BC942}") = "Задача 10", "Задача 10\Задача 10.vcxproj", "{E4DF96B2-0B69-4021-8575-F1C0AEB1C702}"
EndProject
Project("{8BC9CEB8-8B4A-11D0-8D11-00A0C91BC942}") = "Задача 5", "Задача 5\Задача 5.vcxproj", "{C25307D0-11E9-43D6-BBF2-223B05595A3C}"
EndProject
Project("{2150E333-8FDC-42A3-9474-1A3956D46DE8}") = "3. Циклы", "3. Циклы", "{00256701-8CA2-49D7-8399-311A044717FF}"
EndProject
Project("{2150E333-8FDC-42A3-9474-1A3956D46DE8}") = "3.1 Цикл For", "3.1 Цикл For", "{58931B03-8ED7-4692-9CD4-409061E04143}"
	ProjectSection(SolutionItems) = preProject
		Цикл_for\Цикл For.md = Цикл_for\Цикл For.md
	EndProjectSection
EndProject
Project("{8BC9CEB8-8B4A-11D0-8D11-00A0C91BC942}") = "Цикл_for", "Цикл_for\Цикл_for.vcxproj", "{14760908-BD05-4282-AF87-1ACB2203FC07}"
EndProject
Project("{2150E333-8FDC-42A3-9474-1A3956D46DE8}") = "Задачи", "Задачи", "{8387B4D5-FB47-4529-B3C3-39CAC3A9ED0D}"
EndProject
Project("{2150E333-8FDC-42A3-9474-1A3956D46DE8}") = "3.2 Цикл while", "3.2 Цикл while", "{8B8B936D-8012-4433-AA21-2AEBD2D9FF5D}"
	ProjectSection(SolutionItems) = preProject
		Цикл While.md = Цикл While.md
	EndProjectSection
EndProject
Project("{8BC9CEB8-8B4A-11D0-8D11-00A0C91BC942}") = "Цикл_while", "Цикл_while\Цикл_while.vcxproj", "{ECB5D244-B6F4-4E3E-B5E3-A1709432D346}"
EndProject
Project("{2150E333-8FDC-42A3-9474-1A3956D46DE8}") = "Задачи", "Задачи", "{2B07770E-DEB7-405A-B9DC-6D2F395E9127}"
	ProjectSection(SolutionItems) = preProject
		Банковский вклад.md = Банковский вклад.md
		Сумма цифр числа.md = Сумма цифр числа.md
	EndProjectSection
EndProject
Project("{2150E333-8FDC-42A3-9474-1A3956D46DE8}") = "4. Массивы", "4. Массивы", "{7E361CDA-8B9D-4B9A-B364-CF5957D01DB9}"
	ProjectSection(SolutionItems) = preProject
		Массивы.md = Массивы.md
	EndProjectSection
EndProject
Project("{8BC9CEB8-8B4A-11D0-8D11-00A0C91BC942}") = "Массивы", "Массивы\Массивы.vcxproj", "{FE13EFCE-7792-4544-AA7C-1BAB74FA698C}"
EndProject
Project("{2150E333-8FDC-42A3-9474-1A3956D46DE8}") = "Задачи", "Задачи", "{E754BABF-E0C4-4301-BAC7-576ED18AC6E5}"
EndProject
Project("{8BC9CEB8-8B4A-11D0-8D11-00A0C91BC942}") = "Больше_обоих_соседей", "Больше_обоих_соседей\Больше_обоих_соседей.vcxproj", "{66F77E76-07F9-4CC7-AE87-FB51CCEC5358}"
EndProject
Project("{8BC9CEB8-8B4A-11D0-8D11-00A0C91BC942}") = "Задача 1", "Задача 1\Задача 1.vcxproj", "{DC30C99F-D582-47B3-B23B-3E712C01FDCC}"
EndProject
Project("{8BC9CEB8-8B4A-11D0-8D11-00A0C91BC942}") = "Задача 2", "Задача 2\Задача 2.vcxproj", "{48B1AA0F-3B4F-41C0-A622-857A6E852E1A}"
EndProject
Project("{8BC9CEB8-8B4A-11D0-8D11-00A0C91BC942}") = "Задача 3", "Задача 3\Задача 3.vcxproj", "{D056865F-0766-4D00-AC07-E2290DBDDB72}"
EndProject
Project("{8BC9CEB8-8B4A-11D0-8D11-00A0C91BC942}") = "Задача 4", "Задача 4\Задача 4.vcxproj", "{E6FE5623-3986-4F17-A220-C63BAA3FA1BB}"
EndProject
Project("{8BC9CEB8-8B4A-11D0-8D11-00A0C91BC942}") = "Факториал", "Факториал\Факториал.vcxproj", "{EF6423BB-B46D-4249-A848-714E449BF768}"
EndProject
Project("{8BC9CEB8-8B4A-11D0-8D11-00A0C91BC942}") = "Лесенка", "Лесенка\Лесенка.vcxproj", "{8561319C-5B24-48A7-94F8-C62C66F191E4}"
EndProject
Global
	GlobalSection(SolutionConfigurationPlatforms) = preSolution
		Debug|Any CPU = Debug|Any CPU
		Debug|x64 = Debug|x64
		Debug|x86 = Debug|x86
		Release|Any CPU = Release|Any CPU
		Release|x64 = Release|x64
		Release|x86 = Release|x86
	EndGlobalSection
	GlobalSection(ProjectConfigurationPlatforms) = postSolution
		{8426F15D-3D7A-4CF2-A8E0-99BE3C089DA6}.Debug|Any CPU.ActiveCfg = Debug|Win32
		{8426F15D-3D7A-4CF2-A8E0-99BE3C089DA6}.Debug|Any CPU.Build.0 = Debug|Win32
		{8426F15D-3D7A-4CF2-A8E0-99BE3C089DA6}.Debug|x64.ActiveCfg = Debug|x64
		{8426F15D-3D7A-4CF2-A8E0-99BE3C089DA6}.Debug|x64.Build.0 = Debug|x64
		{8426F15D-3D7A-4CF2-A8E0-99BE3C089DA6}.Debug|x86.ActiveCfg = Debug|Win32
		{8426F15D-3D7A-4CF2-A8E0-99BE3C089DA6}.Debug|x86.Build.0 = Debug|Win32
		{8426F15D-3D7A-4CF2-A8E0-99BE3C089DA6}.Release|Any CPU.ActiveCfg = Release|Win32
		{8426F15D-3D7A-4CF2-A8E0-99BE3C089DA6}.Release|Any CPU.Build.0 = Release|Win32
		{8426F15D-3D7A-4CF2-A8E0-99BE3C089DA6}.Release|x64.ActiveCfg = Release|x64
		{8426F15D-3D7A-4CF2-A8E0-99BE3C089DA6}.Release|x64.Build.0 = Release|x64
		{8426F15D-3D7A-4CF2-A8E0-99BE3C089DA6}.Release|x86.ActiveCfg = Release|Win32
		{8426F15D-3D7A-4CF2-A8E0-99BE3C089DA6}.Release|x86.Build.0 = Release|Win32
		{0DDF1B0C-E300-4161-8F4E-6544F9EBEE6E}.Debug|Any CPU.ActiveCfg = Debug|Win32
		{0DDF1B0C-E300-4161-8F4E-6544F9EBEE6E}.Debug|Any CPU.Build.0 = Debug|Win32
		{0DDF1B0C-E300-4161-8F4E-6544F9EBEE6E}.Debug|x64.ActiveCfg = Debug|x64
		{0DDF1B0C-E300-4161-8F4E-6544F9EBEE6E}.Debug|x64.Build.0 = Debug|x64
		{0DDF1B0C-E300-4161-8F4E-6544F9EBEE6E}.Debug|x86.ActiveCfg = Debug|Win32
		{0DDF1B0C-E300-4161-8F4E-6544F9EBEE6E}.Debug|x86.Build.0 = Debug|Win32
		{0DDF1B0C-E300-4161-8F4E-6544F9EBEE6E}.Release|Any CPU.ActiveCfg = Release|Win32
		{0DDF1B0C-E300-4161-8F4E-6544F9EBEE6E}.Release|Any CPU.Build.0 = Release|Win32
		{0DDF1B0C-E300-4161-8F4E-6544F9EBEE6E}.Release|x64.ActiveCfg = Release|x64
		{0DDF1B0C-E300-4161-8F4E-6544F9EBEE6E}.Release|x64.Build.0 = Release|x64
		{0DDF1B0C-E300-4161-8F4E-6544F9EBEE6E}.Release|x86.ActiveCfg = Release|Win32
		{0DDF1B0C-E300-4161-8F4E-6544F9EBEE6E}.Release|x86.Build.0 = Release|Win32
		{A27998EF-B028-4D01-AB9E-09CCE830043D}.Debug|Any CPU.ActiveCfg = Debug|x64
		{A27998EF-B028-4D01-AB9E-09CCE830043D}.Debug|Any CPU.Build.0 = Debug|x64
		{A27998EF-B028-4D01-AB9E-09CCE830043D}.Debug|x64.ActiveCfg = Debug|x64
		{A27998EF-B028-4D01-AB9E-09CCE830043D}.Debug|x64.Build.0 = Debug|x64
		{A27998EF-B028-4D01-AB9E-09CCE830043D}.Debug|x86.ActiveCfg = Debug|Win32
		{A27998EF-B028-4D01-AB9E-09CCE830043D}.Debug|x86.Build.0 = Debug|Win32
		{A27998EF-B028-4D01-AB9E-09CCE830043D}.Release|Any CPU.ActiveCfg = Release|x64
		{A27998EF-B028-4D01-AB9E-09CCE830043D}.Release|Any CPU.Build.0 = Release|x64
		{A27998EF-B028-4D01-AB9E-09CCE830043D}.Release|x64.ActiveCfg = Release|x64
		{A27998EF-B028-4D01-AB9E-09CCE830043D}.Release|x64.Build.0 = Release|x64
		{A27998EF-B028-4D01-AB9E-09CCE830043D}.Release|x86.ActiveCfg = Release|Win32
		{A27998EF-B028-4D01-AB9E-09CCE830043D}.Release|x86.Build.0 = Release|Win32
		{EA6CCBC1-DB12-460D-A12D-A69B3ADE2F31}.Debug|Any CPU.ActiveCfg = Debug|x64
		{EA6CCBC1-DB12-460D-A12D-A69B3ADE2F31}.Debug|Any CPU.Build.0 = Debug|x64
		{EA6CCBC1-DB12-460D-A12D-A69B3ADE2F31}.Debug|x64.ActiveCfg = Debug|x64
		{EA6CCBC1-DB12-460D-A12D-A69B3ADE2F31}.Debug|x64.Build.0 = Debug|x64
		{EA6CCBC1-DB12-460D-A12D-A69B3ADE2F31}.Debug|x86.ActiveCfg = Debug|Win32
		{EA6CCBC1-DB12-460D-A12D-A69B3ADE2F31}.Debug|x86.Build.0 = Debug|Win32
		{EA6CCBC1-DB12-460D-A12D-A69B3ADE2F31}.Release|Any CPU.ActiveCfg = Release|x64
		{EA6CCBC1-DB12-460D-A12D-A69B3ADE2F31}.Release|Any CPU.Build.0 = Release|x64
		{EA6CCBC1-DB12-460D-A12D-A69B3ADE2F31}.Release|x64.ActiveCfg = Release|x64
		{EA6CCBC1-DB12-460D-A12D-A69B3ADE2F31}.Release|x64.Build.0 = Release|x64
		{EA6CCBC1-DB12-460D-A12D-A69B3ADE2F31}.Release|x86.ActiveCfg = Release|Win32
		{EA6CCBC1-DB12-460D-A12D-A69B3ADE2F31}.Release|x86.Build.0 = Release|Win32
		{79578177-CC53-4FAD-83F6-63399874CB14}.Debug|Any CPU.ActiveCfg = Debug|x64
		{79578177-CC53-4FAD-83F6-63399874CB14}.Debug|Any CPU.Build.0 = Debug|x64
		{79578177-CC53-4FAD-83F6-63399874CB14}.Debug|x64.ActiveCfg = Debug|x64
		{79578177-CC53-4FAD-83F6-63399874CB14}.Debug|x64.Build.0 = Debug|x64
		{79578177-CC53-4FAD-83F6-63399874CB14}.Debug|x86.ActiveCfg = Debug|Win32
		{79578177-CC53-4FAD-83F6-63399874CB14}.Debug|x86.Build.0 = Debug|Win32
		{79578177-CC53-4FAD-83F6-63399874CB14}.Release|Any CPU.ActiveCfg = Release|x64
		{79578177-CC53-4FAD-83F6-63399874CB14}.Release|Any CPU.Build.0 = Release|x64
		{79578177-CC53-4FAD-83F6-63399874CB14}.Release|x64.ActiveCfg = Release|x64
		{79578177-CC53-4FAD-83F6-63399874CB14}.Release|x64.Build.0 = Release|x64
		{79578177-CC53-4FAD-83F6-63399874CB14}.Release|x86.ActiveCfg = Release|Win32
		{79578177-CC53-4FAD-83F6-63399874CB14}.Release|x86.Build.0 = Release|Win32
		{E4DF96B2-0B69-4021-8575-F1C0AEB1C702}.Debug|Any CPU.ActiveCfg = Debug|x64
		{E4DF96B2-0B69-4021-8575-F1C0AEB1C702}.Debug|Any CPU.Build.0 = Debug|x64
		{E4DF96B2-0B69-4021-8575-F1C0AEB1C702}.Debug|x64.ActiveCfg = Debug|x64
		{E4DF96B2-0B69-4021-8575-F1C0AEB1C702}.Debug|x64.Build.0 = Debug|x64
		{E4DF96B2-0B69-4021-8575-F1C0AEB1C702}.Debug|x86.ActiveCfg = Debug|Win32
		{E4DF96B2-0B69-4021-8575-F1C0AEB1C702}.Debug|x86.Build.0 = Debug|Win32
		{E4DF96B2-0B69-4021-8575-F1C0AEB1C702}.Release|Any CPU.ActiveCfg = Release|x64
		{E4DF96B2-0B69-4021-8575-F1C0AEB1C702}.Release|Any CPU.Build.0 = Release|x64
		{E4DF96B2-0B69-4021-8575-F1C0AEB1C702}.Release|x64.ActiveCfg = Release|x64
		{E4DF96B2-0B69-4021-8575-F1C0AEB1C702}.Release|x64.Build.0 = Release|x64
		{E4DF96B2-0B69-4021-8575-F1C0AEB1C702}.Release|x86.ActiveCfg = Release|Win32
		{E4DF96B2-0B69-4021-8575-F1C0AEB1C702}.Release|x86.Build.0 = Release|Win32
		{C25307D0-11E9-43D6-BBF2-223B05595A3C}.Debug|Any CPU.ActiveCfg = Debug|x64
		{C25307D0-11E9-43D6-BBF2-223B05595A3C}.Debug|Any CPU.Build.0 = Debug|x64
		{C25307D0-11E9-43D6-BBF2-223B05595A3C}.Debug|x64.ActiveCfg = Debug|x64
		{C25307D0-11E9-43D6-BBF2-223B05595A3C}.Debug|x64.Build.0 = Debug|x64
		{C25307D0-11E9-43D6-BBF2-223B05595A3C}.Debug|x86.ActiveCfg = Debug|Win32
		{C25307D0-11E9-43D6-BBF2-223B05595A3C}.Debug|x86.Build.0 = Debug|Win32
		{C25307D0-11E9-43D6-BBF2-223B05595A3C}.Release|Any CPU.ActiveCfg = Release|x64
		{C25307D0-11E9-43D6-BBF2-223B05595A3C}.Release|Any CPU.Build.0 = Release|x64
		{C25307D0-11E9-43D6-BBF2-223B05595A3C}.Release|x64.ActiveCfg = Release|x64
		{C25307D0-11E9-43D6-BBF2-223B05595A3C}.Release|x64.Build.0 = Release|x64
		{C25307D0-11E9-43D6-BBF2-223B05595A3C}.Release|x86.ActiveCfg = Release|Win32
		{C25307D0-11E9-43D6-BBF2-223B05595A3C}.Release|x86.Build.0 = Release|Win32
		{14760908-BD05-4282-AF87-1ACB2203FC07}.Debug|Any CPU.ActiveCfg = Debug|Win32
		{14760908-BD05-4282-AF87-1ACB2203FC07}.Debug|Any CPU.Build.0 = Debug|Win32
		{14760908-BD05-4282-AF87-1ACB2203FC07}.Debug|x64.ActiveCfg = Debug|x64
		{14760908-BD05-4282-AF87-1ACB2203FC07}.Debug|x64.Build.0 = Debug|x64
		{14760908-BD05-4282-AF87-1ACB2203FC07}.Debug|x86.ActiveCfg = Debug|Win32
		{14760908-BD05-4282-AF87-1ACB2203FC07}.Debug|x86.Build.0 = Debug|Win32
		{14760908-BD05-4282-AF87-1ACB2203FC07}.Release|Any CPU.ActiveCfg = Release|Win32
		{14760908-BD05-4282-AF87-1ACB2203FC07}.Release|Any CPU.Build.0 = Release|Win32
		{14760908-BD05-4282-AF87-1ACB2203FC07}.Release|x64.ActiveCfg = Release|x64
		{14760908-BD05-4282-AF87-1ACB2203FC07}.Release|x64.Build.0 = Release|x64
		{14760908-BD05-4282-AF87-1ACB2203FC07}.Release|x86.ActiveCfg = Release|Win32
		{14760908-BD05-4282-AF87-1ACB2203FC07}.Release|x86.Build.0 = Release|Win32
		{ECB5D244-B6F4-4E3E-B5E3-A1709432D346}.Debug|Any CPU.ActiveCfg = Debug|Win32
		{ECB5D244-B6F4-4E3E-B5E3-A1709432D346}.Debug|Any CPU.Build.0 = Debug|Win32
		{ECB5D244-B6F4-4E3E-B5E3-A1709432D346}.Debug|x64.ActiveCfg = Debug|x64
		{ECB5D244-B6F4-4E3E-B5E3-A1709432D346}.Debug|x64.Build.0 = Debug|x64
		{ECB5D244-B6F4-4E3E-B5E3-A1709432D346}.Debug|x86.ActiveCfg = Debug|Win32
		{ECB5D244-B6F4-4E3E-B5E3-A1709432D346}.Debug|x86.Build.0 = Debug|Win32
		{ECB5D244-B6F4-4E3E-B5E3-A1709432D346}.Release|Any CPU.ActiveCfg = Release|Win32
		{ECB5D244-B6F4-4E3E-B5E3-A1709432D346}.Release|Any CPU.Build.0 = Release|Win32
		{ECB5D244-B6F4-4E3E-B5E3-A1709432D346}.Release|x64.ActiveCfg = Release|x64
		{ECB5D244-B6F4-4E3E-B5E3-A1709432D346}.Release|x64.Build.0 = Release|x64
		{ECB5D244-B6F4-4E3E-B5E3-A1709432D346}.Release|x86.ActiveCfg = Release|Win32
		{ECB5D244-B6F4-4E3E-B5E3-A1709432D346}.Release|x86.Build.0 = Release|Win32
		{FE13EFCE-7792-4544-AA7C-1BAB74FA698C}.Debug|Any CPU.ActiveCfg = Debug|Win32
		{FE13EFCE-7792-4544-AA7C-1BAB74FA698C}.Debug|Any CPU.Build.0 = Debug|Win32
		{FE13EFCE-7792-4544-AA7C-1BAB74FA698C}.Debug|x64.ActiveCfg = Debug|x64
		{FE13EFCE-7792-4544-AA7C-1BAB74FA698C}.Debug|x64.Build.0 = Debug|x64
		{FE13EFCE-7792-4544-AA7C-1BAB74FA698C}.Debug|x86.ActiveCfg = Debug|Win32
		{FE13EFCE-7792-4544-AA7C-1BAB74FA698C}.Debug|x86.Build.0 = Debug|Win32
		{FE13EFCE-7792-4544-AA7C-1BAB74FA698C}.Release|Any CPU.ActiveCfg = Release|Win32
		{FE13EFCE-7792-4544-AA7C-1BAB74FA698C}.Release|Any CPU.Build.0 = Release|Win32
		{FE13EFCE-7792-4544-AA7C-1BAB74FA698C}.Release|x64.ActiveCfg = Release|x64
		{FE13EFCE-7792-4544-AA7C-1BAB74FA698C}.Release|x64.Build.0 = Release|x64
		{FE13EFCE-7792-4544-AA7C-1BAB74FA698C}.Release|x86.ActiveCfg = Release|Win32
		{FE13EFCE-7792-4544-AA7C-1BAB74FA698C}.Release|x86.Build.0 = Release|Win32
		{66F77E76-07F9-4CC7-AE87-FB51CCEC5358}.Debug|Any CPU.ActiveCfg = Debug|Win32
		{66F77E76-07F9-4CC7-AE87-FB51CCEC5358}.Debug|Any CPU.Build.0 = Debug|Win32
		{66F77E76-07F9-4CC7-AE87-FB51CCEC5358}.Debug|x64.ActiveCfg = Debug|x64
		{66F77E76-07F9-4CC7-AE87-FB51CCEC5358}.Debug|x64.Build.0 = Debug|x64
		{66F77E76-07F9-4CC7-AE87-FB51CCEC5358}.Debug|x86.ActiveCfg = Debug|Win32
		{66F77E76-07F9-4CC7-AE87-FB51CCEC5358}.Debug|x86.Build.0 = Debug|Win32
		{66F77E76-07F9-4CC7-AE87-FB51CCEC5358}.Release|Any CPU.ActiveCfg = Release|Win32
		{66F77E76-07F9-4CC7-AE87-FB51CCEC5358}.Release|Any CPU.Build.0 = Release|Win32
		{66F77E76-07F9-4CC7-AE87-FB51CCEC5358}.Release|x64.ActiveCfg = Release|x64
		{66F77E76-07F9-4CC7-AE87-FB51CCEC5358}.Release|x64.Build.0 = Release|x64
		{66F77E76-07F9-4CC7-AE87-FB51CCEC5358}.Release|x86.ActiveCfg = Release|Win32
		{66F77E76-07F9-4CC7-AE87-FB51CCEC5358}.Release|x86.Build.0 = Release|Win32
		{B1E20517-4470-4BAC-A2D1-F8644A275CAD}.Debug|Any CPU.ActiveCfg = Debug|x64
		{B1E20517-4470-4BAC-A2D1-F8644A275CAD}.Debug|Any CPU.Build.0 = Debug|x64
		{B1E20517-4470-4BAC-A2D1-F8644A275CAD}.Debug|x64.ActiveCfg = Debug|x64
		{B1E20517-4470-4BAC-A2D1-F8644A275CAD}.Debug|x64.Build.0 = Debug|x64
		{B1E20517-4470-4BAC-A2D1-F8644A275CAD}.Debug|x86.ActiveCfg = Debug|Win32
		{B1E20517-4470-4BAC-A2D1-F8644A275CAD}.Debug|x86.Build.0 = Debug|Win32
		{B1E20517-4470-4BAC-A2D1-F8644A275CAD}.Release|Any CPU.ActiveCfg = Release|x64
		{B1E20517-4470-4BAC-A2D1-F8644A275CAD}.Release|Any CPU.Build.0 = Release|x64
		{B1E20517-4470-4BAC-A2D1-F8644A275CAD}.Release|x64.ActiveCfg = Release|x64
		{B1E20517-4470-4BAC-A2D1-F8644A275CAD}.Release|x64.Build.0 = Release|x64
		{B1E20517-4470-4BAC-A2D1-F8644A275CAD}.Release|x86.ActiveCfg = Release|Win32
		{B1E20517-4470-4BAC-A2D1-F8644A275CAD}.Release|x86.Build.0 = Release|Win32
		{DC30C99F-D582-47B3-B23B-3E712C01FDCC}.Debug|Any CPU.ActiveCfg = Debug|x64
		{DC30C99F-D582-47B3-B23B-3E712C01FDCC}.Debug|Any CPU.Build.0 = Debug|x64
		{DC30C99F-D582-47B3-B23B-3E712C01FDCC}.Debug|x64.ActiveCfg = Debug|x64
		{DC30C99F-D582-47B3-B23B-3E712C01FDCC}.Debug|x64.Build.0 = Debug|x64
		{DC30C99F-D582-47B3-B23B-3E712C01FDCC}.Debug|x86.ActiveCfg = Debug|Win32
		{DC30C99F-D582-47B3-B23B-3E712C01FDCC}.Debug|x86.Build.0 = Debug|Win32
		{DC30C99F-D582-47B3-B23B-3E712C01FDCC}.Release|Any CPU.ActiveCfg = Release|x64
		{DC30C99F-D582-47B3-B23B-3E712C01FDCC}.Release|Any CPU.Build.0 = Release|x64
		{DC30C99F-D582-47B3-B23B-3E712C01FDCC}.Release|x64.ActiveCfg = Release|x64
		{DC30C99F-D582-47B3-B23B-3E712C01FDCC}.Release|x64.Build.0 = Release|x64
		{DC30C99F-D582-47B3-B23B-3E712C01FDCC}.Release|x86.ActiveCfg = Release|Win32
		{DC30C99F-D582-47B3-B23B-3E712C01FDCC}.Release|x86.Build.0 = Release|Win32
		{48B1AA0F-3B4F-41C0-A622-857A6E852E1A}.Debug|Any CPU.ActiveCfg = Debug|x64
		{48B1AA0F-3B4F-41C0-A622-857A6E852E1A}.Debug|Any CPU.Build.0 = Debug|x64
		{48B1AA0F-3B4F-41C0-A622-857A6E852E1A}.Debug|x64.ActiveCfg = Debug|x64
		{48B1AA0F-3B4F-41C0-A622-857A6E852E1A}.Debug|x64.Build.0 = Debug|x64
		{48B1AA0F-3B4F-41C0-A622-857A6E852E1A}.Debug|x86.ActiveCfg = Debug|Win32
		{48B1AA0F-3B4F-41C0-A622-857A6E852E1A}.Debug|x86.Build.0 = Debug|Win32
		{48B1AA0F-3B4F-41C0-A622-857A6E852E1A}.Release|Any CPU.ActiveCfg = Release|x64
		{48B1AA0F-3B4F-41C0-A622-857A6E852E1A}.Release|Any CPU.Build.0 = Release|x64
		{48B1AA0F-3B4F-41C0-A622-857A6E852E1A}.Release|x64.ActiveCfg = Release|x64
		{48B1AA0F-3B4F-41C0-A622-857A6E852E1A}.Release|x64.Build.0 = Release|x64
		{48B1AA0F-3B4F-41C0-A622-857A6E852E1A}.Release|x86.ActiveCfg = Release|Win32
		{48B1AA0F-3B4F-41C0-A622-857A6E852E1A}.Release|x86.Build.0 = Release|Win32
		{D056865F-0766-4D00-AC07-E2290DBDDB72}.Debug|Any CPU.ActiveCfg = Debug|x64
		{D056865F-0766-4D00-AC07-E2290DBDDB72}.Debug|Any CPU.Build.0 = Debug|x64
		{D056865F-0766-4D00-AC07-E2290DBDDB72}.Debug|x64.ActiveCfg = Debug|x64
		{D056865F-0766-4D00-AC07-E2290DBDDB72}.Debug|x64.Build.0 = Debug|x64
		{D056865F-0766-4D00-AC07-E2290DBDDB72}.Debug|x86.ActiveCfg = Debug|Win32
		{D056865F-0766-4D00-AC07-E2290DBDDB72}.Debug|x86.Build.0 = Debug|Win32
		{D056865F-0766-4D00-AC07-E2290DBDDB72}.Release|Any CPU.ActiveCfg = Release|x64
		{D056865F-0766-4D00-AC07-E2290DBDDB72}.Release|Any CPU.Build.0 = Release|x64
		{D056865F-0766-4D00-AC07-E2290DBDDB72}.Release|x64.ActiveCfg = Release|x64
		{D056865F-0766-4D00-AC07-E2290DBDDB72}.Release|x64.Build.0 = Release|x64
		{D056865F-0766-4D00-AC07-E2290DBDDB72}.Release|x86.ActiveCfg = Release|Win32
		{D056865F-0766-4D00-AC07-E2290DBDDB72}.Release|x86.Build.0 = Release|Win32
		{E6FE5623-3986-4F17-A220-C63BAA3FA1BB}.Debug|Any CPU.ActiveCfg = Debug|x64
		{E6FE5623-3986-4F17-A220-C63BAA3FA1BB}.Debug|Any CPU.Build.0 = Debug|x64
		{E6FE5623-3986-4F17-A220-C63BAA3FA1BB}.Debug|x64.ActiveCfg = Debug|x64
		{E6FE5623-3986-4F17-A220-C63BAA3FA1BB}.Debug|x64.Build.0 = Debug|x64
		{E6FE5623-3986-4F17-A220-C63BAA3FA1BB}.Debug|x86.ActiveCfg = Debug|Win32
		{E6FE5623-3986-4F17-A220-C63BAA3FA1BB}.Debug|x86.Build.0 = Debug|Win32
		{E6FE5623-3986-4F17-A220-C63BAA3FA1BB}.Release|Any CPU.ActiveCfg = Release|x64
		{E6FE5623-3986-4F17-A220-C63BAA3FA1BB}.Release|Any CPU.Build.0 = Release|x64
		{E6FE5623-3986-4F17-A220-C63BAA3FA1BB}.Release|x64.ActiveCfg = Release|x64
		{E6FE5623-3986-4F17-A220-C63BAA3FA1BB}.Release|x64.Build.0 = Release|x64
		{E6FE5623-3986-4F17-A220-C63BAA3FA1BB}.Release|x86.ActiveCfg = Release|Win32
		{E6FE5623-3986-4F17-A220-C63BAA3FA1BB}.Release|x86.Build.0 = Release|Win32
		{EF6423BB-B46D-4249-A848-714E449BF768}.Debug|Any CPU.ActiveCfg = Debug|x64
		{EF6423BB-B46D-4249-A848-714E449BF768}.Debug|Any CPU.Build.0 = Debug|x64
		{EF6423BB-B46D-4249-A848-714E449BF768}.Debug|x64.ActiveCfg = Debug|x64
		{EF6423BB-B46D-4249-A848-714E449BF768}.Debug|x64.Build.0 = Debug|x64
		{EF6423BB-B46D-4249-A848-714E449BF768}.Debug|x86.ActiveCfg = Debug|Win32
		{EF6423BB-B46D-4249-A848-714E449BF768}.Debug|x86.Build.0 = Debug|Win32
		{EF6423BB-B46D-4249-A848-714E449BF768}.Release|Any CPU.ActiveCfg = Release|x64
		{EF6423BB-B46D-4249-A848-714E449BF768}.Release|Any CPU.Build.0 = Release|x64
		{EF6423BB-B46D-4249-A848-714E449BF768}.Release|x64.ActiveCfg = Release|x64
		{EF6423BB-B46D-4249-A848-714E449BF768}.Release|x64.Build.0 = Release|x64
		{EF6423BB-B46D-4249-A848-714E449BF768}.Release|x86.ActiveCfg = Release|Win32
		{EF6423BB-B46D-4249-A848-714E449BF768}.Release|x86.Build.0 = Release|Win32
		{8561319C-5B24-48A7-94F8-C62C66F191E4}.Debug|Any CPU.ActiveCfg = Debug|x64
		{8561319C-5B24-48A7-94F8-C62C66F191E4}.Debug|Any CPU.Build.0 = Debug|x64
		{8561319C-5B24-48A7-94F8-C62C66F191E4}.Debug|x64.ActiveCfg = Debug|x64
		{8561319C-5B24-48A7-94F8-C62C66F191E4}.Debug|x64.Build.0 = Debug|x64
		{8561319C-5B24-48A7-94F8-C62C66F191E4}.Debug|x86.ActiveCfg = Debug|Win32
		{8561319C-5B24-48A7-94F8-C62C66F191E4}.Debug|x86.Build.0 = Debug|Win32
		{8561319C-5B24-48A7-94F8-C62C66F191E4}.Release|Any CPU.ActiveCfg = Release|x64
		{8561319C-5B24-48A7-94F8-C62C66F191E4}.Release|Any CPU.Build.0 = Release|x64
		{8561319C-5B24-48A7-94F8-C62C66F191E4}.Release|x64.ActiveCfg = Release|x64
		{8561319C-5B24-48A7-94F8-C62C66F191E4}.Release|x64.Build.0 = Release|x64
		{8561319C-5B24-48A7-94F8-C62C66F191E4}.Release|x86.ActiveCfg = Release|Win32
		{8561319C-5B24-48A7-94F8-C62C66F191E4}.Release|x86.Build.0 = Release|Win32
	EndGlobalSection
	GlobalSection(SolutionProperties) = preSolution
		HideSolutionNode = FALSE
	EndGlobalSection
	GlobalSection(NestedProjects) = preSolution
		{8426F15D-3D7A-4CF2-A8E0-99BE3C089DA6} = {3A5C6777-D167-4DC4-B263-0DE923C5240D}
		{62123552-58E2-49C0-8C41-27D66A932989} = {3A5C6777-D167-4DC4-B263-0DE923C5240D}
		{0DDF1B0C-E300-4161-8F4E-6544F9EBEE6E} = {74E42531-42E0-4E8A-9014-87A5BC141EDC}
		{4C8E2EB7-3FCD-41A2-9555-8872A75A03BF} = {74E42531-42E0-4E8A-9014-87A5BC141EDC}
		{A27998EF-B028-4D01-AB9E-09CCE830043D} = {62123552-58E2-49C0-8C41-27D66A932989}
		{EA6CCBC1-DB12-460D-A12D-A69B3ADE2F31} = {62123552-58E2-49C0-8C41-27D66A932989}
		{79578177-CC53-4FAD-83F6-63399874CB14} = {4C8E2EB7-3FCD-41A2-9555-8872A75A03BF}
		{E4DF96B2-0B69-4021-8575-F1C0AEB1C702} = {62123552-58E2-49C0-8C41-27D66A932989}
		{C25307D0-11E9-43D6-BBF2-223B05595A3C} = {4C8E2EB7-3FCD-41A2-9555-8872A75A03BF}
		{58931B03-8ED7-4692-9CD4-409061E04143} = {00256701-8CA2-49D7-8399-311A044717FF}
		{14760908-BD05-4282-AF87-1ACB2203FC07} = {58931B03-8ED7-4692-9CD4-409061E04143}
		{8387B4D5-FB47-4529-B3C3-39CAC3A9ED0D} = {58931B03-8ED7-4692-9CD4-409061E04143}
		{8B8B936D-8012-4433-AA21-2AEBD2D9FF5D} = {00256701-8CA2-49D7-8399-311A044717FF}
		{ECB5D244-B6F4-4E3E-B5E3-A1709432D346} = {8B8B936D-8012-4433-AA21-2AEBD2D9FF5D}
		{2B07770E-DEB7-405A-B9DC-6D2F395E9127} = {8B8B936D-8012-4433-AA21-2AEBD2D9FF5D}
		{FE13EFCE-7792-4544-AA7C-1BAB74FA698C} = {7E361CDA-8B9D-4B9A-B364-CF5957D01DB9}
		{E754BABF-E0C4-4301-BAC7-576ED18AC6E5} = {7E361CDA-8B9D-4B9A-B364-CF5957D01DB9}
		{66F77E76-07F9-4CC7-AE87-FB51CCEC5358} = {E754BABF-E0C4-4301-BAC7-576ED18AC6E5}
		{B1E20517-4470-4BAC-A2D1-F8644A275CAD} = {4C8E2EB7-3FCD-41A2-9555-8872A75A03BF}
		{DC30C99F-D582-47B3-B23B-3E712C01FDCC} = {4C8E2EB7-3FCD-41A2-9555-8872A75A03BF}
		{48B1AA0F-3B4F-41C0-A622-857A6E852E1A} = {4C8E2EB7-3FCD-41A2-9555-8872A75A03BF}
		{D056865F-0766-4D00-AC07-E2290DBDDB72} = {4C8E2EB7-3FCD-41A2-9555-8872A75A03BF}
		{E6FE5623-3986-4F17-A220-C63BAA3FA1BB} = {4C8E2EB7-3FCD-41A2-9555-8872A75A03BF}
		{EF6423BB-B46D-4249-A848-714E449BF768} = {8387B4D5-FB47-4529-B3C3-39CAC3A9ED0D}
		{8561319C-5B24-48A7-94F8-C62C66F191E4} = {8387B4D5-FB47-4529-B3C3-39CAC3A9ED0D}
	EndGlobalSection
	GlobalSection(ExtensibilityGlobals) = postSolution
		SolutionGuid = {E3816833-183F-4399-AEF2-FD13855A918B}
	EndGlobalSection
EndGlobal
